
Microsoft Visual Studio Solution File, Format Version 12.00
# Visual Studio Version 17
VisualStudioVersion = 17.0.32014.148
MinimumVisualStudioVersion = 10.0.40219.1
Project("{FAE04EC0-301F-11D3-BF4B-00C04F79EFBC}") = "PowershellShowcase", "PowershellShowcase.csproj", "{FCEBDB5E-5F20-4C67-A8AD-9AE0D732DCB7}"
EndProject
Global
	GlobalSection(SolutionConfigurationPlatforms) = preSolution
		Debug|Any CPU = Debug|Any CPU
		Release|Any CPU = Release|Any CPU
	EndGlobalSection
	GlobalSection(ProjectConfigurationPlatforms) = postSolution
		{FCEBDB5E-5F20-4C67-A8AD-9AE0D732DCB7}.Debug|Any CPU.ActiveCfg = Debug|Any CPU
		{FCEBDB5E-5F20-4C67-A8AD-9AE0D732DCB7}.Debug|Any CPU.Build.0 = Debug|Any CPU
		{FCEBDB5E-5F20-4C67-A8AD-9AE0D732DCB7}.Release|Any CPU.ActiveCfg = Release|Any CPU
		{FCEBDB5E-5F20-4C67-A8AD-9AE0D732DCB7}.Release|Any CPU.Build.0 = Release|Any CPU
	EndGlobalSection
	GlobalSection(SolutionProperties) = preSolution
		HideSolutionNode = FALSE
	EndGlobalSection
	GlobalSection(ExtensibilityGlobals) = postSolution
		SolutionGuid = {D3FC628D-0513-4848-976D-9514C617389A}
	EndGlobalSection
EndGlobal
